// !$*UTF8*$!
{
	archiveVersion = 1;
	classes = {
	};
	objectVersion = 46;
	objects = {

/* Begin PBXBuildFile section */
		EA1198F31982D647009AAB36 /* Foundation.framework in Frameworks */ = {isa = PBXBuildFile; fileRef = EA1198F21982D647009AAB36 /* Foundation.framework */; };
		EA1198F51982D647009AAB36 /* CoreGraphics.framework in Frameworks */ = {isa = PBXBuildFile; fileRef = EA1198F41982D647009AAB36 /* CoreGraphics.framework */; };
		EA1198F71982D647009AAB36 /* UIKit.framework in Frameworks */ = {isa = PBXBuildFile; fileRef = EA1198F61982D647009AAB36 /* UIKit.framework */; };
		EA1198FD1982D647009AAB36 /* InfoPlist.strings in Resources */ = {isa = PBXBuildFile; fileRef = EA1198FB1982D647009AAB36 /* InfoPlist.strings */; };
		EA1198FF1982D647009AAB36 /* main.m in Sources */ = {isa = PBXBuildFile; fileRef = EA1198FE1982D647009AAB36 /* main.m */; };
		EA1199031982D647009AAB36 /* AppDelegate.m in Sources */ = {isa = PBXBuildFile; fileRef = EA1199021982D647009AAB36 /* AppDelegate.m */; };
		EA1199061982D647009AAB36 /* Main.storyboard in Resources */ = {isa = PBXBuildFile; fileRef = EA1199041982D647009AAB36 /* Main.storyboard */; };
		EA1199091982D647009AAB36 /* ViewController.m in Sources */ = {isa = PBXBuildFile; fileRef = EA1199081982D647009AAB36 /* ViewController.m */; };
		EA11990B1982D647009AAB36 /* Images.xcassets in Resources */ = {isa = PBXBuildFile; fileRef = EA11990A1982D647009AAB36 /* Images.xcassets */; };
		EA1199121982D647009AAB36 /* XCTest.framework in Frameworks */ = {isa = PBXBuildFile; fileRef = EA1199111982D647009AAB36 /* XCTest.framework */; };
		EA1199131982D647009AAB36 /* Foundation.framework in Frameworks */ = {isa = PBXBuildFile; fileRef = EA1198F21982D647009AAB36 /* Foundation.framework */; };
		EA1199141982D647009AAB36 /* UIKit.framework in Frameworks */ = {isa = PBXBuildFile; fileRef = EA1198F61982D647009AAB36 /* UIKit.framework */; };
		EA11991C1982D647009AAB36 /* InfoPlist.strings in Resources */ = {isa = PBXBuildFile; fileRef = EA11991A1982D647009AAB36 /* InfoPlist.strings */; };
		EA11992C1982D66E009AAB36 /* DZLSimpleQueue.m in Sources */ = {isa = PBXBuildFile; fileRef = EA1199291982D66E009AAB36 /* DZLSimpleQueue.m */; };
		EA11992D1982D66E009AAB36 /* DZLSimpleQueueOperation.m in Sources */ = {isa = PBXBuildFile; fileRef = EA11992B1982D66E009AAB36 /* DZLSimpleQueueOperation.m */; };
		EA92E3061984F7EB009B1466 /* DZLSimpleQueueTests.m in Sources */ = {isa = PBXBuildFile; fileRef = EA11991D1982D647009AAB36 /* DZLSimpleQueueTests.m */; };
		EA92EB671983BA2800ABAB3F /* DZLSimpleQueue.swift in Sources */ = {isa = PBXBuildFile; fileRef = EA9ED1FD1983B92C0077D1EC /* DZLSimpleQueue.swift */; };
		EA9ED1FE1983B92C0077D1EC /* DZLSimpleQueue.swift in Sources */ = {isa = PBXBuildFile; fileRef = EA9ED1FD1983B92C0077D1EC /* DZLSimpleQueue.swift */; };
		EA9ED2001983B94E0077D1EC /* DZLSimpleQueue-SwiftTests.swift in Sources */ = {isa = PBXBuildFile; fileRef = EA9ED1FF1983B94E0077D1EC /* DZLSimpleQueue-SwiftTests.swift */; };
/* End PBXBuildFile section */

/* Begin PBXContainerItemProxy section */
		EA1199151982D647009AAB36 /* PBXContainerItemProxy */ = {
			isa = PBXContainerItemProxy;
			containerPortal = EA1198E71982D647009AAB36 /* Project object */;
			proxyType = 1;
			remoteGlobalIDString = EA1198EE1982D647009AAB36;
			remoteInfo = DZLSimpleQueue;
		};
/* End PBXContainerItemProxy section */

/* Begin PBXFileReference section */
		EA1198EF1982D647009AAB36 /* DZLSimpleQueue.app */ = {isa = PBXFileReference; explicitFileType = wrapper.application; includeInIndex = 0; path = DZLSimpleQueue.app; sourceTree = BUILT_PRODUCTS_DIR; };
		EA1198F21982D647009AAB36 /* Foundation.framework */ = {isa = PBXFileReference; lastKnownFileType = wrapper.framework; name = Foundation.framework; path = System/Library/Frameworks/Foundation.framework; sourceTree = SDKROOT; };
		EA1198F41982D647009AAB36 /* CoreGraphics.framework */ = {isa = PBXFileReference; lastKnownFileType = wrapper.framework; name = CoreGraphics.framework; path = System/Library/Frameworks/CoreGraphics.framework; sourceTree = SDKROOT; };
		EA1198F61982D647009AAB36 /* UIKit.framework */ = {isa = PBXFileReference; lastKnownFileType = wrapper.framework; name = UIKit.framework; path = System/Library/Frameworks/UIKit.framework; sourceTree = SDKROOT; };
		EA1198FA1982D647009AAB36 /* DZLSimpleQueue-Info.plist */ = {isa = PBXFileReference; lastKnownFileType = text.plist.xml; path = "DZLSimpleQueue-Info.plist"; sourceTree = "<group>"; };
		EA1198FC1982D647009AAB36 /* en */ = {isa = PBXFileReference; lastKnownFileType = text.plist.strings; name = en; path = en.lproj/InfoPlist.strings; sourceTree = "<group>"; };
		EA1198FE1982D647009AAB36 /* main.m */ = {isa = PBXFileReference; lastKnownFileType = sourcecode.c.objc; path = main.m; sourceTree = "<group>"; };
		EA1199001982D647009AAB36 /* DZLSimpleQueue-Prefix.pch */ = {isa = PBXFileReference; lastKnownFileType = sourcecode.c.h; path = "DZLSimpleQueue-Prefix.pch"; sourceTree = "<group>"; };
		EA1199011982D647009AAB36 /* AppDelegate.h */ = {isa = PBXFileReference; lastKnownFileType = sourcecode.c.h; path = AppDelegate.h; sourceTree = "<group>"; };
		EA1199021982D647009AAB36 /* AppDelegate.m */ = {isa = PBXFileReference; lastKnownFileType = sourcecode.c.objc; path = AppDelegate.m; sourceTree = "<group>"; };
		EA1199051982D647009AAB36 /* Base */ = {isa = PBXFileReference; lastKnownFileType = file.storyboard; name = Base; path = Base.lproj/Main.storyboard; sourceTree = "<group>"; };
		EA1199071982D647009AAB36 /* ViewController.h */ = {isa = PBXFileReference; lastKnownFileType = sourcecode.c.h; path = ViewController.h; sourceTree = "<group>"; };
		EA1199081982D647009AAB36 /* ViewController.m */ = {isa = PBXFileReference; lastKnownFileType = sourcecode.c.objc; path = ViewController.m; sourceTree = "<group>"; };
		EA11990A1982D647009AAB36 /* Images.xcassets */ = {isa = PBXFileReference; lastKnownFileType = folder.assetcatalog; path = Images.xcassets; sourceTree = "<group>"; };
		EA1199101982D647009AAB36 /* DZLSimpleQueueTests.xctest */ = {isa = PBXFileReference; explicitFileType = wrapper.cfbundle; includeInIndex = 0; path = DZLSimpleQueueTests.xctest; sourceTree = BUILT_PRODUCTS_DIR; };
		EA1199111982D647009AAB36 /* XCTest.framework */ = {isa = PBXFileReference; lastKnownFileType = wrapper.framework; name = XCTest.framework; path = Library/Frameworks/XCTest.framework; sourceTree = DEVELOPER_DIR; };
		EA1199191982D647009AAB36 /* DZLSimpleQueueTests-Info.plist */ = {isa = PBXFileReference; lastKnownFileType = text.plist.xml; path = "DZLSimpleQueueTests-Info.plist"; sourceTree = "<group>"; };
		EA11991B1982D647009AAB36 /* en */ = {isa = PBXFileReference; lastKnownFileType = text.plist.strings; name = en; path = en.lproj/InfoPlist.strings; sourceTree = "<group>"; };
		EA11991D1982D647009AAB36 /* DZLSimpleQueueTests.m */ = {isa = PBXFileReference; lastKnownFileType = sourcecode.c.objc; path = DZLSimpleQueueTests.m; sourceTree = "<group>"; };
		EA1199281982D66E009AAB36 /* DZLSimpleQueue.h */ = {isa = PBXFileReference; fileEncoding = 4; lastKnownFileType = sourcecode.c.h; path = DZLSimpleQueue.h; sourceTree = "<group>"; };
		EA1199291982D66E009AAB36 /* DZLSimpleQueue.m */ = {isa = PBXFileReference; fileEncoding = 4; lastKnownFileType = sourcecode.c.objc; path = DZLSimpleQueue.m; sourceTree = "<group>"; };
		EA11992A1982D66E009AAB36 /* DZLSimpleQueueOperation.h */ = {isa = PBXFileReference; fileEncoding = 4; lastKnownFileType = sourcecode.c.h; path = DZLSimpleQueueOperation.h; sourceTree = "<group>"; };
		EA11992B1982D66E009AAB36 /* DZLSimpleQueueOperation.m */ = {isa = PBXFileReference; fileEncoding = 4; lastKnownFileType = sourcecode.c.objc; path = DZLSimpleQueueOperation.m; sourceTree = "<group>"; };
		EA9ED1FD1983B92C0077D1EC /* DZLSimpleQueue.swift */ = {isa = PBXFileReference; fileEncoding = 4; lastKnownFileType = sourcecode.swift; path = DZLSimpleQueue.swift; sourceTree = "<group>"; };
		EA9ED1FF1983B94E0077D1EC /* DZLSimpleQueue-SwiftTests.swift */ = {isa = PBXFileReference; fileEncoding = 4; lastKnownFileType = sourcecode.swift; path = "DZLSimpleQueue-SwiftTests.swift"; sourceTree = "<group>"; };
/* End PBXFileReference section */

/* Begin PBXFrameworksBuildPhase section */
		EA1198EC1982D647009AAB36 /* Frameworks */ = {
			isa = PBXFrameworksBuildPhase;
			buildActionMask = 2147483647;
			files = (
				EA1198F51982D647009AAB36 /* CoreGraphics.framework in Frameworks */,
				EA1198F71982D647009AAB36 /* UIKit.framework in Frameworks */,
				EA1198F31982D647009AAB36 /* Foundation.framework in Frameworks */,
			);
			runOnlyForDeploymentPostprocessing = 0;
		};
		EA11990D1982D647009AAB36 /* Frameworks */ = {
			isa = PBXFrameworksBuildPhase;
			buildActionMask = 2147483647;
			files = (
				EA1199121982D647009AAB36 /* XCTest.framework in Frameworks */,
				EA1199141982D647009AAB36 /* UIKit.framework in Frameworks */,
				EA1199131982D647009AAB36 /* Foundation.framework in Frameworks */,
			);
			runOnlyForDeploymentPostprocessing = 0;
		};
/* End PBXFrameworksBuildPhase section */

/* Begin PBXGroup section */
		EA1198E61982D647009AAB36 = {
			isa = PBXGroup;
			children = (
				EA1198F81982D647009AAB36 /* DZLSimpleQueue */,
				EA1199171982D647009AAB36 /* DZLSimpleQueueTests */,
				EA1198F11982D647009AAB36 /* Frameworks */,
				EA1198F01982D647009AAB36 /* Products */,
			);
			sourceTree = "<group>";
		};
		EA1198F01982D647009AAB36 /* Products */ = {
			isa = PBXGroup;
			children = (
				EA1198EF1982D647009AAB36 /* DZLSimpleQueue.app */,
				EA1199101982D647009AAB36 /* DZLSimpleQueueTests.xctest */,
			);
			name = Products;
			sourceTree = "<group>";
		};
		EA1198F11982D647009AAB36 /* Frameworks */ = {
			isa = PBXGroup;
			children = (
				EA1198F21982D647009AAB36 /* Foundation.framework */,
				EA1198F41982D647009AAB36 /* CoreGraphics.framework */,
				EA1198F61982D647009AAB36 /* UIKit.framework */,
				EA1199111982D647009AAB36 /* XCTest.framework */,
			);
			name = Frameworks;
			sourceTree = "<group>";
		};
		EA1198F81982D647009AAB36 /* DZLSimpleQueue */ = {
			isa = PBXGroup;
			children = (
				EA54EDE41983A009002F00FC /* DZLSimpleQueue-Swift */,
				EA1199271982D65B009AAB36 /* DZLSimpleQueue */,
				EA1199011982D647009AAB36 /* AppDelegate.h */,
				EA1199021982D647009AAB36 /* AppDelegate.m */,
				EA1199041982D647009AAB36 /* Main.storyboard */,
				EA1199071982D647009AAB36 /* ViewController.h */,
				EA1199081982D647009AAB36 /* ViewController.m */,
				EA11990A1982D647009AAB36 /* Images.xcassets */,
				EA1198F91982D647009AAB36 /* Supporting Files */,
			);
			path = DZLSimpleQueue;
			sourceTree = "<group>";
		};
		EA1198F91982D647009AAB36 /* Supporting Files */ = {
			isa = PBXGroup;
			children = (
				EA1198FA1982D647009AAB36 /* DZLSimpleQueue-Info.plist */,
				EA1198FB1982D647009AAB36 /* InfoPlist.strings */,
				EA1198FE1982D647009AAB36 /* main.m */,
				EA1199001982D647009AAB36 /* DZLSimpleQueue-Prefix.pch */,
			);
			name = "Supporting Files";
			sourceTree = "<group>";
		};
		EA1199171982D647009AAB36 /* DZLSimpleQueueTests */ = {
			isa = PBXGroup;
			children = (
				EA9ED1FF1983B94E0077D1EC /* DZLSimpleQueue-SwiftTests.swift */,
				EA11991D1982D647009AAB36 /* DZLSimpleQueueTests.m */,
				EA1199181982D647009AAB36 /* Supporting Files */,
			);
			path = DZLSimpleQueueTests;
			sourceTree = "<group>";
		};
		EA1199181982D647009AAB36 /* Supporting Files */ = {
			isa = PBXGroup;
			children = (
				EA1199191982D647009AAB36 /* DZLSimpleQueueTests-Info.plist */,
				EA11991A1982D647009AAB36 /* InfoPlist.strings */,
			);
			name = "Supporting Files";
			sourceTree = "<group>";
		};
		EA1199271982D65B009AAB36 /* DZLSimpleQueue */ = {
			isa = PBXGroup;
			children = (
				EA1199281982D66E009AAB36 /* DZLSimpleQueue.h */,
				EA1199291982D66E009AAB36 /* DZLSimpleQueue.m */,
				EA11992A1982D66E009AAB36 /* DZLSimpleQueueOperation.h */,
				EA11992B1982D66E009AAB36 /* DZLSimpleQueueOperation.m */,
			);
			path = DZLSimpleQueue;
			sourceTree = "<group>";
		};
		EA54EDE41983A009002F00FC /* DZLSimpleQueue-Swift */ = {
			isa = PBXGroup;
			children = (
				EA9ED1FD1983B92C0077D1EC /* DZLSimpleQueue.swift */,
			);
			path = "DZLSimpleQueue-Swift";
			sourceTree = "<group>";
		};
/* End PBXGroup section */

/* Begin PBXNativeTarget section */
		EA1198EE1982D647009AAB36 /* DZLSimpleQueue */ = {
			isa = PBXNativeTarget;
			buildConfigurationList = EA1199211982D647009AAB36 /* Build configuration list for PBXNativeTarget "DZLSimpleQueue" */;
			buildPhases = (
				EA1198EB1982D647009AAB36 /* Sources */,
				EA1198EC1982D647009AAB36 /* Frameworks */,
				EA1198ED1982D647009AAB36 /* Resources */,
			);
			buildRules = (
			);
			dependencies = (
			);
			name = DZLSimpleQueue;
			productName = DZLSimpleQueue;
			productReference = EA1198EF1982D647009AAB36 /* DZLSimpleQueue.app */;
			productType = "com.apple.product-type.application";
		};
		EA11990F1982D647009AAB36 /* DZLSimpleQueueTests */ = {
			isa = PBXNativeTarget;
			buildConfigurationList = EA1199241982D647009AAB36 /* Build configuration list for PBXNativeTarget "DZLSimpleQueueTests" */;
			buildPhases = (
				EA11990C1982D647009AAB36 /* Sources */,
				EA11990D1982D647009AAB36 /* Frameworks */,
				EA11990E1982D647009AAB36 /* Resources */,
			);
			buildRules = (
			);
			dependencies = (
				EA1199161982D647009AAB36 /* PBXTargetDependency */,
			);
			name = DZLSimpleQueueTests;
			productName = DZLSimpleQueueTests;
			productReference = EA1199101982D647009AAB36 /* DZLSimpleQueueTests.xctest */;
			productType = "com.apple.product-type.bundle.unit-test";
		};
/* End PBXNativeTarget section */

/* Begin PBXProject section */
		EA1198E71982D647009AAB36 /* Project object */ = {
			isa = PBXProject;
			attributes = {
				LastUpgradeCheck = 0510;
				ORGANIZATIONNAME = Dodzilla;
				TargetAttributes = {
					EA11990F1982D647009AAB36 = {
						TestTargetID = EA1198EE1982D647009AAB36;
					};
				};
			};
			buildConfigurationList = EA1198EA1982D647009AAB36 /* Build configuration list for PBXProject "DZLSimpleQueue" */;
			compatibilityVersion = "Xcode 3.2";
			developmentRegion = English;
			hasScannedForEncodings = 0;
			knownRegions = (
				en,
				Base,
			);
			mainGroup = EA1198E61982D647009AAB36;
			productRefGroup = EA1198F01982D647009AAB36 /* Products */;
			projectDirPath = "";
			projectRoot = "";
			targets = (
				EA1198EE1982D647009AAB36 /* DZLSimpleQueue */,
				EA11990F1982D647009AAB36 /* DZLSimpleQueueTests */,
			);
		};
/* End PBXProject section */

/* Begin PBXResourcesBuildPhase section */
		EA1198ED1982D647009AAB36 /* Resources */ = {
			isa = PBXResourcesBuildPhase;
			buildActionMask = 2147483647;
			files = (
				EA11990B1982D647009AAB36 /* Images.xcassets in Resources */,
				EA1198FD1982D647009AAB36 /* InfoPlist.strings in Resources */,
				EA1199061982D647009AAB36 /* Main.storyboard in Resources */,
			);
			runOnlyForDeploymentPostprocessing = 0;
		};
		EA11990E1982D647009AAB36 /* Resources */ = {
			isa = PBXResourcesBuildPhase;
			buildActionMask = 2147483647;
			files = (
				EA11991C1982D647009AAB36 /* InfoPlist.strings in Resources */,
			);
			runOnlyForDeploymentPostprocessing = 0;
		};
/* End PBXResourcesBuildPhase section */

/* Begin PBXSourcesBuildPhase section */
		EA1198EB1982D647009AAB36 /* Sources */ = {
			isa = PBXSourcesBuildPhase;
			buildActionMask = 2147483647;
			files = (
				EA11992C1982D66E009AAB36 /* DZLSimpleQueue.m in Sources */,
				EA11992D1982D66E009AAB36 /* DZLSimpleQueueOperation.m in Sources */,
				EA9ED1FE1983B92C0077D1EC /* DZLSimpleQueue.swift in Sources */,
				EA1199091982D647009AAB36 /* ViewController.m in Sources */,
				EA1199031982D647009AAB36 /* AppDelegate.m in Sources */,
				EA1198FF1982D647009AAB36 /* main.m in Sources */,
			);
			runOnlyForDeploymentPostprocessing = 0;
		};
		EA11990C1982D647009AAB36 /* Sources */ = {
			isa = PBXSourcesBuildPhase;
			buildActionMask = 2147483647;
			files = (
				EA92EB671983BA2800ABAB3F /* DZLSimpleQueue.swift in Sources */,
				EA9ED2001983B94E0077D1EC /* DZLSimpleQueue-SwiftTests.swift in Sources */,
				EA92E3061984F7EB009B1466 /* DZLSimpleQueueTests.m in Sources */,
			);
			runOnlyForDeploymentPostprocessing = 0;
		};
/* End PBXSourcesBuildPhase section */

/* Begin PBXTargetDependency section */
		EA1199161982D647009AAB36 /* PBXTargetDependency */ = {
			isa = PBXTargetDependency;
			target = EA1198EE1982D647009AAB36 /* DZLSimpleQueue */;
			targetProxy = EA1199151982D647009AAB36 /* PBXContainerItemProxy */;
		};
/* End PBXTargetDependency section */

/* Begin PBXVariantGroup section */
		EA1198FB1982D647009AAB36 /* InfoPlist.strings */ = {
			isa = PBXVariantGroup;
			children = (
				EA1198FC1982D647009AAB36 /* en */,
			);
			name = InfoPlist.strings;
			sourceTree = "<group>";
		};
		EA1199041982D647009AAB36 /* Main.storyboard */ = {
			isa = PBXVariantGroup;
			children = (
				EA1199051982D647009AAB36 /* Base */,
			);
			name = Main.storyboard;
			sourceTree = "<group>";
		};
		EA11991A1982D647009AAB36 /* InfoPlist.strings */ = {
			isa = PBXVariantGroup;
			children = (
				EA11991B1982D647009AAB36 /* en */,
			);
			name = InfoPlist.strings;
			sourceTree = "<group>";
		};
/* End PBXVariantGroup section */

/* Begin XCBuildConfiguration section */
		EA11991F1982D647009AAB36 /* Debug */ = {
			isa = XCBuildConfiguration;
			buildSettings = {
				ALWAYS_SEARCH_USER_PATHS = NO;
				CLANG_CXX_LANGUAGE_STANDARD = "gnu++0x";
				CLANG_CXX_LIBRARY = "libc++";
				CLANG_ENABLE_MODULES = YES;
				CLANG_ENABLE_OBJC_ARC = YES;
				CLANG_WARN_BOOL_CONVERSION = YES;
				CLANG_WARN_CONSTANT_CONVERSION = YES;
				CLANG_WARN_DIRECT_OBJC_ISA_USAGE = YES_ERROR;
				CLANG_WARN_EMPTY_BODY = YES;
				CLANG_WARN_ENUM_CONVERSION = YES;
				CLANG_WARN_INT_CONVERSION = YES;
				CLANG_WARN_OBJC_ROOT_CLASS = YES_ERROR;
				CLANG_WARN__DUPLICATE_METHOD_MATCH = YES;
				"CODE_SIGN_IDENTITY[sdk=iphoneos*]" = "iPhone Developer";
				COPY_PHASE_STRIP = NO;
				GCC_C_LANGUAGE_STANDARD = gnu99;
				GCC_DYNAMIC_NO_PIC = NO;
				GCC_OPTIMIZATION_LEVEL = 0;
				GCC_PREPROCESSOR_DEFINITIONS = (
					"DEBUG=1",
					"$(inherited)",
				);
				GCC_SYMBOLS_PRIVATE_EXTERN = NO;
				GCC_WARN_64_TO_32_BIT_CONVERSION = YES;
				GCC_WARN_ABOUT_RETURN_TYPE = YES_ERROR;
				GCC_WARN_UNDECLARED_SELECTOR = YES;
				GCC_WARN_UNINITIALIZED_AUTOS = YES_AGGRESSIVE;
				GCC_WARN_UNUSED_FUNCTION = YES;
				GCC_WARN_UNUSED_VARIABLE = YES;
				IPHONEOS_DEPLOYMENT_TARGET = 7.1;
				ONLY_ACTIVE_ARCH = YES;
				SDKROOT = iphoneos;
			};
			name = Debug;
		};
		EA1199201982D647009AAB36 /* Release */ = {
			isa = XCBuildConfiguration;
			buildSettings = {
				ALWAYS_SEARCH_USER_PATHS = NO;
				CLANG_CXX_LANGUAGE_STANDARD = "gnu++0x";
				CLANG_CXX_LIBRARY = "libc++";
				CLANG_ENABLE_MODULES = YES;
				CLANG_ENABLE_OBJC_ARC = YES;
				CLANG_WARN_BOOL_CONVERSION = YES;
				CLANG_WARN_CONSTANT_CONVERSION = YES;
				CLANG_WARN_DIRECT_OBJC_ISA_USAGE = YES_ERROR;
				CLANG_WARN_EMPTY_BODY = YES;
				CLANG_WARN_ENUM_CONVERSION = YES;
				CLANG_WARN_INT_CONVERSION = YES;
				CLANG_WARN_OBJC_ROOT_CLASS = YES_ERROR;
				CLANG_WARN__DUPLICATE_METHOD_MATCH = YES;
				"CODE_SIGN_IDENTITY[sdk=iphoneos*]" = "iPhone Developer";
				COPY_PHASE_STRIP = YES;
				ENABLE_NS_ASSERTIONS = NO;
				GCC_C_LANGUAGE_STANDARD = gnu99;
				GCC_WARN_64_TO_32_BIT_CONVERSION = YES;
				GCC_WARN_ABOUT_RETURN_TYPE = YES_ERROR;
				GCC_WARN_UNDECLARED_SELECTOR = YES;
				GCC_WARN_UNINITIALIZED_AUTOS = YES_AGGRESSIVE;
				GCC_WARN_UNUSED_FUNCTION = YES;
				GCC_WARN_UNUSED_VARIABLE = YES;
				IPHONEOS_DEPLOYMENT_TARGET = 7.1;
				SDKROOT = iphoneos;
				VALIDATE_PRODUCT = YES;
			};
			name = Release;
		};
		EA1199221982D647009AAB36 /* Debug */ = {
			isa = XCBuildConfiguration;
			buildSettings = {
				ASSETCATALOG_COMPILER_APPICON_NAME = AppIcon;
				ASSETCATALOG_COMPILER_LAUNCHIMAGE_NAME = LaunchImage;
				CLANG_ENABLE_MODULES = YES;
				GCC_PRECOMPILE_PREFIX_HEADER = YES;
				GCC_PREFIX_HEADER = "DZLSimpleQueue/DZLSimpleQueue-Prefix.pch";
				INFOPLIST_FILE = "DZLSimpleQueue/DZLSimpleQueue-Info.plist";
				LD_RUNPATH_SEARCH_PATHS = "$(inherited) @executable_path/Frameworks";
				PRODUCT_NAME = "$(TARGET_NAME)";
				SWIFT_OPTIMIZATION_LEVEL = "-Onone";
				WRAPPER_EXTENSION = app;
			};
			name = Debug;
		};
		EA1199231982D647009AAB36 /* Release */ = {
			isa = XCBuildConfiguration;
			buildSettings = {
				ASSETCATALOG_COMPILER_APPICON_NAME = AppIcon;
				ASSETCATALOG_COMPILER_LAUNCHIMAGE_NAME = LaunchImage;
				CLANG_ENABLE_MODULES = YES;
				GCC_PRECOMPILE_PREFIX_HEADER = YES;
				GCC_PREFIX_HEADER = "DZLSimpleQueue/DZLSimpleQueue-Prefix.pch";
				INFOPLIST_FILE = "DZLSimpleQueue/DZLSimpleQueue-Info.plist";
				LD_RUNPATH_SEARCH_PATHS = "$(inherited) @executable_path/Frameworks";
				PRODUCT_NAME = "$(TARGET_NAME)";
				WRAPPER_EXTENSION = app;
			};
			name = Release;
		};
		EA1199251982D647009AAB36 /* Debug */ = {
			isa = XCBuildConfiguration;
			buildSettings = {
				BUNDLE_LOADER = "$(BUILT_PRODUCTS_DIR)/DZLSimpleQueue.app/DZLSimpleQueue";
				CLANG_ENABLE_MODULES = YES;
				FRAMEWORK_SEARCH_PATHS = (
					"$(SDKROOT)/Developer/Library/Frameworks",
					"$(inherited)",
					"$(DEVELOPER_FRAMEWORKS_DIR)",
				);
				GCC_PRECOMPILE_PREFIX_HEADER = YES;
				GCC_PREFIX_HEADER = "DZLSimpleQueue/DZLSimpleQueue-Prefix.pch";
				GCC_PREPROCESSOR_DEFINITIONS = (
					"DEBUG=1",
					"$(inherited)",
				);
				INFOPLIST_FILE = "DZLSimpleQueueTests/DZLSimpleQueueTests-Info.plist";
				LD_RUNPATH_SEARCH_PATHS = "$(inherited) @executable_path/Frameworks @loader_path/Frameworks";
				PRODUCT_NAME = "$(TARGET_NAME)";
				SWIFT_OPTIMIZATION_LEVEL = "-Onone";
				TEST_HOST = "$(BUNDLE_LOADER)";
				WRAPPER_EXTENSION = xctest;
			};
			name = Debug;
		};
		EA1199261982D647009AAB36 /* Release */ = {
			isa = XCBuildConfiguration;
			buildSettings = {
				BUNDLE_LOADER = "$(BUILT_PRODUCTS_DIR)/DZLSimpleQueue.app/DZLSimpleQueue";
				CLANG_ENABLE_MODULES = YES;
				FRAMEWORK_SEARCH_PATHS = (
					"$(SDKROOT)/Developer/Library/Frameworks",
					"$(inherited)",
					"$(DEVELOPER_FRAMEWORKS_DIR)",
				);
				GCC_PRECOMPILE_PREFIX_HEADER = YES;
				GCC_PREFIX_HEADER = "DZLSimpleQueue/DZLSimpleQueue-Prefix.pch";
				INFOPLIST_FILE = "DZLSimpleQueueTests/DZLSimpleQueueTests-Info.plist";
				LD_RUNPATH_SEARCH_PATHS = "$(inherited) @executable_path/Frameworks @loader_path/Frameworks";
				PRODUCT_NAME = "$(TARGET_NAME)";
				TEST_HOST = "$(BUNDLE_LOADER)";
				WRAPPER_EXTENSION = xctest;
			};
			name = Release;
		};
/* End XCBuildConfiguration section */

/* Begin XCConfigurationList section */
		EA1198EA1982D647009AAB36 /* Build configuration list for PBXProject "DZLSimpleQueue" */ = {
			isa = XCConfigurationList;
			buildConfigurations = (
				EA11991F1982D647009AAB36 /* Debug */,
				EA1199201982D647009AAB36 /* Release */,
			);
			defaultConfigurationIsVisible = 0;
			defaultConfigurationName = Release;
		};
		EA1199211982D647009AAB36 /* Build configuration list for PBXNativeTarget "DZLSimpleQueue" */ = {
			isa = XCConfigurationList;
			buildConfigurations = (
				EA1199221982D647009AAB36 /* Debug */,
				EA1199231982D647009AAB36 /* Release */,
			);
			defaultConfigurationIsVisible = 0;
			defaultConfigurationName = Release;
		};
		EA1199241982D647009AAB36 /* Build configuration list for PBXNativeTarget "DZLSimpleQueueTests" */ = {
			isa = XCConfigurationList;
			buildConfigurations = (
				EA1199251982D647009AAB36 /* Debug */,
				EA1199261982D647009AAB36 /* Release */,
			);
			defaultConfigurationIsVisible = 0;
			defaultConfigurationName = Release;
		};
/* End XCConfigurationList section */
	};
	rootObject = EA1198E71982D647009AAB36 /* Project object */;
}
